
Microsoft Visual Studio Solution File, Format Version 12.00
# Visual Studio Version 17
VisualStudioVersion = 17.7.34202.233
MinimumVisualStudioVersion = 10.0.40219.1
Project("{FAE04EC0-301F-11D3-BF4B-00C04F79EFBC}") = "LINQ", "LINQ\LINQ.csproj", "{65FF81EC-866A-45FF-87BE-286D16E8F18B}"
EndProject
Global
	GlobalSection(SolutionConfigurationPlatforms) = preSolution
		Debug|Any CPU = Debug|Any CPU
		Release|Any CPU = Release|Any CPU
	EndGlobalSection
	GlobalSection(ProjectConfigurationPlatforms) = postSolution
		{65FF81EC-866A-45FF-87BE-286D16E8F18B}.Debug|Any CPU.ActiveCfg = Debug|Any CPU
		{65FF81EC-866A-45FF-87BE-286D16E8F18B}.Debug|Any CPU.Build.0 = Debug|Any CPU
		{65FF81EC-866A-45FF-87BE-286D16E8F18B}.Release|Any CPU.ActiveCfg = Release|Any CPU
		{65FF81EC-866A-45FF-87BE-286D16E8F18B}.Release|Any CPU.Build.0 = Release|Any CPU
	EndGlobalSection
	GlobalSection(SolutionProperties) = preSolution
		HideSolutionNode = FALSE
	EndGlobalSection
	GlobalSection(ExtensibilityGlobals) = postSolution
		SolutionGuid = {A05773BB-9C21-4C92-A6F7-41AE159AC831}
	EndGlobalSection
EndGlobal
